{
    "name": "redux-react-voting-app",
    "version": "1.1.1",
    "lockfileVersion": 1,
    "requires": true,
    "dependencies": {
        "react": {
            "version": "15.6.1",
            "resolved": "https://registry.npmjs.org/react/-/react-15.6.1.tgz",
            "integrity": "sha1-uqhDTsZ4C96ZfNw4C3nNM7ljk98="
        },
        "react-dom": {
            "version": "15.6.1",
            "resolved": "https://registry.npmjs.org/react-dom/-/react-dom-15.6.1.tgz",
            "integrity": "sha1-LLDtQZEDjlPCCes6eaI+Kkz5lHA="
        },
        "react-scripts": {
            "version": "0.9.5",
            "resolved": "https://registry.npmjs.org/react-scripts/-/react-scripts-0.9.5.tgz",
            "integrity": "sha1-6fBchCficTFmKpudepeG0f8Wuz8=",
            "dev": true,
            "dependencies": {
                "promise": {
                    "version": "7.1.1",
                    "resolved": "https://registry.npmjs.org/promise/-/promise-7.1.1.tgz",
                    "integrity": "sha1-SJZUxpJha4qlWwck+oCbt9tJxb8="
                },
                "whatwg-fetch": {
                    "version": "2.0.2",
                    "resolved": "https://registry.npmjs.org/whatwg-fetch/-/whatwg-fetch-2.0.2.tgz",
                    "integrity": "sha1-/ilNHYnjbFvosxlQV/LkvHT8mA4="
                }
            }
        },
        "redux": {
            "version": "3.7.1",
            "resolved": "https://registry.npmjs.org/redux/-/redux-3.7.1.tgz",
            "integrity": "sha512-iEVTlORM5mv6xb3ZAOyrVehVUD+W87jdFAX6SYVgZh3/SQAWFSxTRJOqPWQdvo4VN4lJkNDvqKlBXBabsJTSkA=="
        }
    }
}
